
Microsoft Visual Studio Solution File, Format Version 12.00
# Visual Studio Version 16
VisualStudioVersion = 16.0.29326.143
MinimumVisualStudioVersion = 10.0.40219.1
Project("{FAE04EC0-301F-11D3-BF4B-00C04F79EFBC}") = "IsoPlan", "IsoPlan\IsoPlan.csproj", "{EA6D6EF4-5780-4D90-81C4-54CB694EAB8F}"
EndProject
Global
	GlobalSection(SolutionConfigurationPlatforms) = preSolution
		Debug|Any CPU = Debug|Any CPU
		Release|Any CPU = Release|Any CPU
	EndGlobalSection
	GlobalSection(ProjectConfigurationPlatforms) = postSolution
		{EA6D6EF4-5780-4D90-81C4-54CB694EAB8F}.Debug|Any CPU.ActiveCfg = Debug|Any CPU
		{EA6D6EF4-5780-4D90-81C4-54CB694EAB8F}.Debug|Any CPU.Build.0 = Debug|Any CPU
		{EA6D6EF4-5780-4D90-81C4-54CB694EAB8F}.Release|Any CPU.ActiveCfg = Release|Any CPU
		{EA6D6EF4-5780-4D90-81C4-54CB694EAB8F}.Release|Any CPU.Build.0 = Release|Any CPU
	EndGlobalSection
	GlobalSection(SolutionProperties) = preSolution
		HideSolutionNode = FALSE
	EndGlobalSection
	GlobalSection(ExtensibilityGlobals) = postSolution
		SolutionGuid = {08DBFB01-C451-4B3B-844E-15C707E3443B}
	EndGlobalSection
EndGlobal
